
Microsoft Visual Studio Solution File, Format Version 12.00
# Visual Studio Version 17
VisualStudioVersion = 17.9.34622.214
MinimumVisualStudioVersion = 10.0.40219.1
Project("{9A19103F-16F7-4668-BE54-9A1E7A4F7556}") = "Libraries", "Libraries.csproj", "{6CD1F368-4CF9-4C5B-8866-E4F3C24EB3FC}"
EndProject
Global
	GlobalSection(SolutionConfigurationPlatforms) = preSolution
		Debug|Any CPU = Debug|Any CPU
		Release|Any CPU = Release|Any CPU
	EndGlobalSection
	GlobalSection(ProjectConfigurationPlatforms) = postSolution
		{6CD1F368-4CF9-4C5B-8866-E4F3C24EB3FC}.Debug|Any CPU.ActiveCfg = Debug|Any CPU
		{6CD1F368-4CF9-4C5B-8866-E4F3C24EB3FC}.Debug|Any CPU.Build.0 = Debug|Any CPU
		{6CD1F368-4CF9-4C5B-8866-E4F3C24EB3FC}.Release|Any CPU.ActiveCfg = Release|Any CPU
		{6CD1F368-4CF9-4C5B-8866-E4F3C24EB3FC}.Release|Any CPU.Build.0 = Release|Any CPU
	EndGlobalSection
	GlobalSection(SolutionProperties) = preSolution
		HideSolutionNode = FALSE
	EndGlobalSection
	GlobalSection(ExtensibilityGlobals) = postSolution
		SolutionGuid = {BE2A10F2-8CC9-40F9-854D-6C5C8D0C7BA6}
	EndGlobalSection
EndGlobal
